
Microsoft Visual Studio Solution File, Format Version 12.00
# Visual Studio Version 16
VisualStudioVersion = 16.0.29102.190
MinimumVisualStudioVersion = 10.0.40219.1
Project("{FAE04EC0-301F-11D3-BF4B-00C04F79EFBC}") = "MailSenderDz", "MailSenderDz\MailSenderDz.csproj", "{A5B7E78B-651C-491F-9C05-7A2383D66058}"
EndProject
Global
	GlobalSection(SolutionConfigurationPlatforms) = preSolution
		Debug|Any CPU = Debug|Any CPU
		Release|Any CPU = Release|Any CPU
	EndGlobalSection
	GlobalSection(ProjectConfigurationPlatforms) = postSolution
		{A5B7E78B-651C-491F-9C05-7A2383D66058}.Debug|Any CPU.ActiveCfg = Debug|Any CPU
		{A5B7E78B-651C-491F-9C05-7A2383D66058}.Debug|Any CPU.Build.0 = Debug|Any CPU
		{A5B7E78B-651C-491F-9C05-7A2383D66058}.Release|Any CPU.ActiveCfg = Release|Any CPU
		{A5B7E78B-651C-491F-9C05-7A2383D66058}.Release|Any CPU.Build.0 = Release|Any CPU
	EndGlobalSection
	GlobalSection(SolutionProperties) = preSolution
		HideSolutionNode = FALSE
	EndGlobalSection
	GlobalSection(ExtensibilityGlobals) = postSolution
		SolutionGuid = {0D7AAC0A-37D4-473C-A843-32DD2486FC03}
	EndGlobalSection
EndGlobal
